
Microsoft Visual Studio Solution File, Format Version 12.00
# Visual Studio Version 17
VisualStudioVersion = 17.13.35931.197 d17.13
MinimumVisualStudioVersion = 10.0.40219.1
Project("{FAE04EC0-301F-11D3-BF4B-00C04F79EFBC}") = "EmailSender.MVC", "EmailSender.MVC.csproj", "{E0402C90-DEA1-43C5-84EE-B9F9C087F310}"
EndProject
Global
	GlobalSection(SolutionConfigurationPlatforms) = preSolution
		Debug|Any CPU = Debug|Any CPU
		Release|Any CPU = Release|Any CPU
	EndGlobalSection
	GlobalSection(ProjectConfigurationPlatforms) = postSolution
		{E0402C90-DEA1-43C5-84EE-B9F9C087F310}.Debug|Any CPU.ActiveCfg = Debug|Any CPU
		{E0402C90-DEA1-43C5-84EE-B9F9C087F310}.Debug|Any CPU.Build.0 = Debug|Any CPU
		{E0402C90-DEA1-43C5-84EE-B9F9C087F310}.Release|Any CPU.ActiveCfg = Release|Any CPU
		{E0402C90-DEA1-43C5-84EE-B9F9C087F310}.Release|Any CPU.Build.0 = Release|Any CPU
	EndGlobalSection
	GlobalSection(SolutionProperties) = preSolution
		HideSolutionNode = FALSE
	EndGlobalSection
	GlobalSection(ExtensibilityGlobals) = postSolution
		SolutionGuid = {983AAE4C-C6F7-4EE9-BB46-AD97E48B2420}
	EndGlobalSection
EndGlobal
